
Microsoft Visual Studio Solution File, Format Version 12.00
# Visual Studio Version 17
VisualStudioVersion = 17.9.34728.123
MinimumVisualStudioVersion = 10.0.40219.1
Project("{2150E333-8FDC-42A3-9474-1A3956D46DE8}") = "src", "src", "{B6D1A2AF-2FD1-434A-BF31-B5C779C5B070}"
EndProject
Project("{2150E333-8FDC-42A3-9474-1A3956D46DE8}") = "tests", "tests", "{4D4DDC6C-7862-4AC0-A17A-3DED9AFA2139}"
EndProject
Project("{FAE04EC0-301F-11D3-BF4B-00C04F79EFBC}") = "CashFlow.Api", "src\CashFlow.Api\CashFlow.Api.csproj", "{915BC576-D395-44F3-9995-07AD502B7AA9}"
EndProject
Project("{FAE04EC0-301F-11D3-BF4B-00C04F79EFBC}") = "CashFlow.Domain", "src\CashFlow.Domain\CashFlow.Domain.csproj", "{C366A5DA-38A7-408D-B041-D64D3B0039BD}"
EndProject
Project("{FAE04EC0-301F-11D3-BF4B-00C04F79EFBC}") = "CashFlow.Application", "src\CashFlow.Application\CashFlow.Application.csproj", "{8BD2D4DA-363E-4595-A96B-11509112AA0E}"
EndProject
Project("{FAE04EC0-301F-11D3-BF4B-00C04F79EFBC}") = "CashFlow.Communication", "src\CashFlow.Communication\CashFlow.Communication.csproj", "{E52AC384-EE1E-4777-ADCB-C4836CF9D27C}"
EndProject
Project("{FAE04EC0-301F-11D3-BF4B-00C04F79EFBC}") = "CashFlow.Exception", "src\CashFlow.Exception\CashFlow.Exception.csproj", "{96A20C40-99FC-4232-B57D-B57F0E253481}"
EndProject
Project("{FAE04EC0-301F-11D3-BF4B-00C04F79EFBC}") = "CashFlow.Infrastructure", "src\CashFlow.Infrastructure\CashFlow.Infrastructure.csproj", "{54291F23-B492-48AD-B815-56085FE97032}"
EndProject
Global
	GlobalSection(SolutionConfigurationPlatforms) = preSolution
		Debug|Any CPU = Debug|Any CPU
		Release|Any CPU = Release|Any CPU
	EndGlobalSection
	GlobalSection(ProjectConfigurationPlatforms) = postSolution
		{915BC576-D395-44F3-9995-07AD502B7AA9}.Debug|Any CPU.ActiveCfg = Debug|Any CPU
		{915BC576-D395-44F3-9995-07AD502B7AA9}.Debug|Any CPU.Build.0 = Debug|Any CPU
		{915BC576-D395-44F3-9995-07AD502B7AA9}.Release|Any CPU.ActiveCfg = Release|Any CPU
		{915BC576-D395-44F3-9995-07AD502B7AA9}.Release|Any CPU.Build.0 = Release|Any CPU
		{C366A5DA-38A7-408D-B041-D64D3B0039BD}.Debug|Any CPU.ActiveCfg = Debug|Any CPU
		{C366A5DA-38A7-408D-B041-D64D3B0039BD}.Debug|Any CPU.Build.0 = Debug|Any CPU
		{C366A5DA-38A7-408D-B041-D64D3B0039BD}.Release|Any CPU.ActiveCfg = Release|Any CPU
		{C366A5DA-38A7-408D-B041-D64D3B0039BD}.Release|Any CPU.Build.0 = Release|Any CPU
		{8BD2D4DA-363E-4595-A96B-11509112AA0E}.Debug|Any CPU.ActiveCfg = Debug|Any CPU
		{8BD2D4DA-363E-4595-A96B-11509112AA0E}.Debug|Any CPU.Build.0 = Debug|Any CPU
		{8BD2D4DA-363E-4595-A96B-11509112AA0E}.Release|Any CPU.ActiveCfg = Release|Any CPU
		{8BD2D4DA-363E-4595-A96B-11509112AA0E}.Release|Any CPU.Build.0 = Release|Any CPU
		{E52AC384-EE1E-4777-ADCB-C4836CF9D27C}.Debug|Any CPU.ActiveCfg = Debug|Any CPU
		{E52AC384-EE1E-4777-ADCB-C4836CF9D27C}.Debug|Any CPU.Build.0 = Debug|Any CPU
		{E52AC384-EE1E-4777-ADCB-C4836CF9D27C}.Release|Any CPU.ActiveCfg = Release|Any CPU
		{E52AC384-EE1E-4777-ADCB-C4836CF9D27C}.Release|Any CPU.Build.0 = Release|Any CPU
		{96A20C40-99FC-4232-B57D-B57F0E253481}.Debug|Any CPU.ActiveCfg = Debug|Any CPU
		{96A20C40-99FC-4232-B57D-B57F0E253481}.Debug|Any CPU.Build.0 = Debug|Any CPU
		{96A20C40-99FC-4232-B57D-B57F0E253481}.Release|Any CPU.ActiveCfg = Release|Any CPU
		{96A20C40-99FC-4232-B57D-B57F0E253481}.Release|Any CPU.Build.0 = Release|Any CPU
		{54291F23-B492-48AD-B815-56085FE97032}.Debug|Any CPU.ActiveCfg = Debug|Any CPU
		{54291F23-B492-48AD-B815-56085FE97032}.Debug|Any CPU.Build.0 = Debug|Any CPU
		{54291F23-B492-48AD-B815-56085FE97032}.Release|Any CPU.ActiveCfg = Release|Any CPU
		{54291F23-B492-48AD-B815-56085FE97032}.Release|Any CPU.Build.0 = Release|Any CPU
	EndGlobalSection
	GlobalSection(SolutionProperties) = preSolution
		HideSolutionNode = FALSE
	EndGlobalSection
	GlobalSection(NestedProjects) = preSolution
		{915BC576-D395-44F3-9995-07AD502B7AA9} = {B6D1A2AF-2FD1-434A-BF31-B5C779C5B070}
		{C366A5DA-38A7-408D-B041-D64D3B0039BD} = {B6D1A2AF-2FD1-434A-BF31-B5C779C5B070}
		{8BD2D4DA-363E-4595-A96B-11509112AA0E} = {B6D1A2AF-2FD1-434A-BF31-B5C779C5B070}
		{E52AC384-EE1E-4777-ADCB-C4836CF9D27C} = {B6D1A2AF-2FD1-434A-BF31-B5C779C5B070}
		{96A20C40-99FC-4232-B57D-B57F0E253481} = {B6D1A2AF-2FD1-434A-BF31-B5C779C5B070}
		{54291F23-B492-48AD-B815-56085FE97032} = {B6D1A2AF-2FD1-434A-BF31-B5C779C5B070}
	EndGlobalSection
	GlobalSection(ExtensibilityGlobals) = postSolution
		SolutionGuid = {F36BB7FD-7DD6-4FE0-9062-E0B23EEFED4D}
	EndGlobalSection
EndGlobal
